
Microsoft Visual Studio Solution File, Format Version 12.00
# Visual Studio Version 16
VisualStudioVersion = 16.0.29025.244
MinimumVisualStudioVersion = 10.0.40219.1
Project("{FAE04EC0-301F-11D3-BF4B-00C04F79EFBC}") = "VehicleVersusWallet", "VehicleVersusWallet\VehicleVersusWallet.csproj", "{AE37E72F-C4E2-4768-AB2B-6059E2F42B26}"
EndProject
Global
	GlobalSection(SolutionConfigurationPlatforms) = preSolution
		Debug|Any CPU = Debug|Any CPU
		Release|Any CPU = Release|Any CPU
	EndGlobalSection
	GlobalSection(ProjectConfigurationPlatforms) = postSolution
		{AE37E72F-C4E2-4768-AB2B-6059E2F42B26}.Debug|Any CPU.ActiveCfg = Debug|Any CPU
		{AE37E72F-C4E2-4768-AB2B-6059E2F42B26}.Debug|Any CPU.Build.0 = Debug|Any CPU
		{AE37E72F-C4E2-4768-AB2B-6059E2F42B26}.Release|Any CPU.ActiveCfg = Release|Any CPU
		{AE37E72F-C4E2-4768-AB2B-6059E2F42B26}.Release|Any CPU.Build.0 = Release|Any CPU
	EndGlobalSection
	GlobalSection(SolutionProperties) = preSolution
		HideSolutionNode = FALSE
	EndGlobalSection
	GlobalSection(ExtensibilityGlobals) = postSolution
		SolutionGuid = {EE6F55E8-A26E-430C-B030-E15879CE555C}
	EndGlobalSection
EndGlobal
